{
  "name": "study",
  "version": "1.0.0",
  "lockfileVersion": 2,
  "requires": true,
  "packages": {
    "": {
      "name": "study",
      "version": "1.0.0",
      "license": "ISC",
      "dependencies": {
        "uview-ui": "^1.8.1"
      }
    },
    "node_modules/uview-ui": {
      "version": "1.8.1",
      "resolved": "https://registry.npm.taobao.org/uview-ui/download/uview-ui-1.8.1.tgz",
      "integrity": "sha1-HVeMmx2fVsTdtIXFgP4669pFTyQ="
    }
  },
  "dependencies": {
    "uview-ui": {
      "version": "1.8.1",
      "resolved": "https://registry.npm.taobao.org/uview-ui/download/uview-ui-1.8.1.tgz",
      "integrity": "sha1-HVeMmx2fVsTdtIXFgP4669pFTyQ="
    }
  }
}
